
Microsoft Visual Studio Solution File, Format Version 12.00
# Visual Studio 15
VisualStudioVersion = 15.0.28307.645
MinimumVisualStudioVersion = 10.0.40219.1
Project("{DA7A21FA-8162-4350-AD77-A8D1B671F3ED}") = "RProject1", "RProject1\RProject1.rxproj", "{1F11A482-E323-4E45-84B7-101F848F2BBC}"
EndProject
Global
	GlobalSection(SolutionConfigurationPlatforms) = preSolution
		Debug|Any CPU = Debug|Any CPU
		Release|Any CPU = Release|Any CPU
	EndGlobalSection
	GlobalSection(ProjectConfigurationPlatforms) = postSolution
		{1F11A482-E323-4E45-84B7-101F848F2BBC}.Debug|Any CPU.ActiveCfg = Debug|Any CPU
		{1F11A482-E323-4E45-84B7-101F848F2BBC}.Debug|Any CPU.Build.0 = Debug|Any CPU
		{1F11A482-E323-4E45-84B7-101F848F2BBC}.Release|Any CPU.ActiveCfg = Release|Any CPU
		{1F11A482-E323-4E45-84B7-101F848F2BBC}.Release|Any CPU.Build.0 = Release|Any CPU
	EndGlobalSection
	GlobalSection(SolutionProperties) = preSolution
		HideSolutionNode = FALSE
	EndGlobalSection
	GlobalSection(ExtensibilityGlobals) = postSolution
		SolutionGuid = {B8864435-4CEF-479D-A55C-9504029A86C8}
	EndGlobalSection
EndGlobal
